{
  "name": "pi-kaluma-test",
  "version": "1.0.0",
  "lockfileVersion": 1,
  "requires": true,
  "dependencies": {
    "dht": {
      "version": "git+https://github.com/niklauslee/dht.git#559b911cc6d6de6e74a9cf0f90dc93e6c51490d3",
      "from": "git+https://github.com/niklauslee/dht.git"
    },
    "i2c-lcd": {
      "version": "git+https://github.com/slashinfty/i2c-lcd.git#c51950e25c63614d60290063f5d4c0f1c188b902",
      "from": "git+https://github.com/slashinfty/i2c-lcd.git"
    }
  }
}
